
Microsoft Visual Studio Solution File, Format Version 12.00
# Visual Studio Version 17
VisualStudioVersion = 17.0.31903.59
MinimumVisualStudioVersion = 10.0.40219.1
Project("{FAE04EC0-301F-11D3-BF4B-00C04F79EFBC}") = "api", "api\api.csproj", "{AC61B998-B6F2-416B-A2C5-0426314B8DBB}"
EndProject
Project("{FAE04EC0-301F-11D3-BF4B-00C04F79EFBC}") = "Application", "Application\Application.csproj", "{649CF4F9-43E8-4400-A10C-D87CF2167162}"
EndProject
Project("{FAE04EC0-301F-11D3-BF4B-00C04F79EFBC}") = "Domain", "Domain\Domain.csproj", "{C2C5FADF-1795-4298-AC8E-B36ABD326D6C}"
EndProject
Project("{FAE04EC0-301F-11D3-BF4B-00C04F79EFBC}") = "Persistence", "Persistence\Persistence.csproj", "{AE8C2770-0AAA-47E0-9D18-18E60CAE5E8B}"
EndProject
Global
	GlobalSection(SolutionConfigurationPlatforms) = preSolution
		Debug|Any CPU = Debug|Any CPU
		Release|Any CPU = Release|Any CPU
	EndGlobalSection
	GlobalSection(SolutionProperties) = preSolution
		HideSolutionNode = FALSE
	EndGlobalSection
	GlobalSection(ProjectConfigurationPlatforms) = postSolution
		{AC61B998-B6F2-416B-A2C5-0426314B8DBB}.Debug|Any CPU.ActiveCfg = Debug|Any CPU
		{AC61B998-B6F2-416B-A2C5-0426314B8DBB}.Debug|Any CPU.Build.0 = Debug|Any CPU
		{AC61B998-B6F2-416B-A2C5-0426314B8DBB}.Release|Any CPU.ActiveCfg = Release|Any CPU
		{AC61B998-B6F2-416B-A2C5-0426314B8DBB}.Release|Any CPU.Build.0 = Release|Any CPU
		{649CF4F9-43E8-4400-A10C-D87CF2167162}.Debug|Any CPU.ActiveCfg = Debug|Any CPU
		{649CF4F9-43E8-4400-A10C-D87CF2167162}.Debug|Any CPU.Build.0 = Debug|Any CPU
		{649CF4F9-43E8-4400-A10C-D87CF2167162}.Release|Any CPU.ActiveCfg = Release|Any CPU
		{649CF4F9-43E8-4400-A10C-D87CF2167162}.Release|Any CPU.Build.0 = Release|Any CPU
		{C2C5FADF-1795-4298-AC8E-B36ABD326D6C}.Debug|Any CPU.ActiveCfg = Debug|Any CPU
		{C2C5FADF-1795-4298-AC8E-B36ABD326D6C}.Debug|Any CPU.Build.0 = Debug|Any CPU
		{C2C5FADF-1795-4298-AC8E-B36ABD326D6C}.Release|Any CPU.ActiveCfg = Release|Any CPU
		{C2C5FADF-1795-4298-AC8E-B36ABD326D6C}.Release|Any CPU.Build.0 = Release|Any CPU
		{AE8C2770-0AAA-47E0-9D18-18E60CAE5E8B}.Debug|Any CPU.ActiveCfg = Debug|Any CPU
		{AE8C2770-0AAA-47E0-9D18-18E60CAE5E8B}.Debug|Any CPU.Build.0 = Debug|Any CPU
		{AE8C2770-0AAA-47E0-9D18-18E60CAE5E8B}.Release|Any CPU.ActiveCfg = Release|Any CPU
		{AE8C2770-0AAA-47E0-9D18-18E60CAE5E8B}.Release|Any CPU.Build.0 = Release|Any CPU
	EndGlobalSection
EndGlobal
